// !$*UTF8*$!
{
	archiveVersion = 1;
	classes = {
	};
	objectVersion = 56;
	objects = {

/* Begin PBXBuildFile section */
		D76AD0B92941E4F1002EF5B9 /* ChatsView.swift in Sources */ = {isa = PBXBuildFile; fileRef = D76AD0B82941E4F1002EF5B9 /* ChatsView.swift */; };
		D785E5682940B6D900B51E9E /* ImagePicker.swift in Sources */ = {isa = PBXBuildFile; fileRef = D785E5672940B6D900B51E9E /* ImagePicker.swift */; };
		D785E56B2940D3DF00B51E9E /* ChatView.swift in Sources */ = {isa = PBXBuildFile; fileRef = D785E56A2940D3DF00B51E9E /* ChatView.swift */; };
		D785E56E2940E5DD00B51E9E /* TopBarView.swift in Sources */ = {isa = PBXBuildFile; fileRef = D785E56D2940E5DD00B51E9E /* TopBarView.swift */; };
		D785E5702940E8DC00B51E9E /* UsernameView.swift in Sources */ = {isa = PBXBuildFile; fileRef = D785E56F2940E8DC00B51E9E /* UsernameView.swift */; };
		D7AFB532294095580027AA67 /* ChatAppApp.swift in Sources */ = {isa = PBXBuildFile; fileRef = D7AFB531294095580027AA67 /* ChatAppApp.swift */; };
		D7AFB534294095580027AA67 /* LoginView.swift in Sources */ = {isa = PBXBuildFile; fileRef = D7AFB533294095580027AA67 /* LoginView.swift */; };
		D7AFB5362940955A0027AA67 /* Assets.xcassets in Resources */ = {isa = PBXBuildFile; fileRef = D7AFB5352940955A0027AA67 /* Assets.xcassets */; };
		D7AFB5392940955A0027AA67 /* Preview Assets.xcassets in Resources */ = {isa = PBXBuildFile; fileRef = D7AFB5382940955A0027AA67 /* Preview Assets.xcassets */; };
		D7AFB540294095E90027AA67 /* GoogleService-Info.plist in Resources */ = {isa = PBXBuildFile; fileRef = D7AFB53F294095E90027AA67 /* GoogleService-Info.plist */; };
		D7AFB5432940967D0027AA67 /* FirebaseAuth in Frameworks */ = {isa = PBXBuildFile; productRef = D7AFB5422940967D0027AA67 /* FirebaseAuth */; };
		D7AFB5452940967D0027AA67 /* FirebaseDatabase in Frameworks */ = {isa = PBXBuildFile; productRef = D7AFB5442940967D0027AA67 /* FirebaseDatabase */; };
		D7AFB5472940967D0027AA67 /* FirebaseFirestore in Frameworks */ = {isa = PBXBuildFile; productRef = D7AFB5462940967D0027AA67 /* FirebaseFirestore */; };
		D7AFB5492940967D0027AA67 /* FirebaseStorage in Frameworks */ = {isa = PBXBuildFile; productRef = D7AFB5482940967D0027AA67 /* FirebaseStorage */; };
		D7BD0D6C2941238300CFDC36 /* FirebaseManager.swift in Sources */ = {isa = PBXBuildFile; fileRef = D7BD0D6B2941238300CFDC36 /* FirebaseManager.swift */; };
		D7BD0D6F29412C4E00CFDC36 /* SDWebImageSwiftUI in Frameworks */ = {isa = PBXBuildFile; productRef = D7BD0D6E29412C4E00CFDC36 /* SDWebImageSwiftUI */; };
		D7BD0D7229413F7100CFDC36 /* ChatUser.swift in Sources */ = {isa = PBXBuildFile; fileRef = D7BD0D7129413F7100CFDC36 /* ChatUser.swift */; };
		D7BD0D742941408300CFDC36 /* ChatViewModel.swift in Sources */ = {isa = PBXBuildFile; fileRef = D7BD0D732941408300CFDC36 /* ChatViewModel.swift */; };
		D7BD0D76294145A500CFDC36 /* NewMessageView.swift in Sources */ = {isa = PBXBuildFile; fileRef = D7BD0D75294145A500CFDC36 /* NewMessageView.swift */; };
		D7BD0D782941489C00CFDC36 /* GetUsersModel.swift in Sources */ = {isa = PBXBuildFile; fileRef = D7BD0D772941489C00CFDC36 /* GetUsersModel.swift */; };
/* End PBXBuildFile section */

/* Begin PBXFileReference section */
		D76AD0B82941E4F1002EF5B9 /* ChatsView.swift */ = {isa = PBXFileReference; lastKnownFileType = sourcecode.swift; path = ChatsView.swift; sourceTree = "<group>"; };
		D785E5672940B6D900B51E9E /* ImagePicker.swift */ = {isa = PBXFileReference; lastKnownFileType = sourcecode.swift; path = ImagePicker.swift; sourceTree = "<group>"; };
		D785E56A2940D3DF00B51E9E /* ChatView.swift */ = {isa = PBXFileReference; lastKnownFileType = sourcecode.swift; path = ChatView.swift; sourceTree = "<group>"; };
		D785E56D2940E5DD00B51E9E /* TopBarView.swift */ = {isa = PBXFileReference; lastKnownFileType = sourcecode.swift; path = TopBarView.swift; sourceTree = "<group>"; };
		D785E56F2940E8DC00B51E9E /* UsernameView.swift */ = {isa = PBXFileReference; lastKnownFileType = sourcecode.swift; path = UsernameView.swift; sourceTree = "<group>"; };
		D7AFB52E294095580027AA67 /* ChatApp.app */ = {isa = PBXFileReference; explicitFileType = wrapper.application; includeInIndex = 0; path = ChatApp.app; sourceTree = BUILT_PRODUCTS_DIR; };
		D7AFB531294095580027AA67 /* ChatAppApp.swift */ = {isa = PBXFileReference; lastKnownFileType = sourcecode.swift; path = ChatAppApp.swift; sourceTree = "<group>"; };
		D7AFB533294095580027AA67 /* LoginView.swift */ = {isa = PBXFileReference; lastKnownFileType = sourcecode.swift; path = LoginView.swift; sourceTree = "<group>"; };
		D7AFB5352940955A0027AA67 /* Assets.xcassets */ = {isa = PBXFileReference; lastKnownFileType = folder.assetcatalog; path = Assets.xcassets; sourceTree = "<group>"; };
		D7AFB5382940955A0027AA67 /* Preview Assets.xcassets */ = {isa = PBXFileReference; lastKnownFileType = folder.assetcatalog; path = "Preview Assets.xcassets"; sourceTree = "<group>"; };
		D7AFB53F294095E90027AA67 /* GoogleService-Info.plist */ = {isa = PBXFileReference; fileEncoding = 4; lastKnownFileType = text.plist.xml; path = "GoogleService-Info.plist"; sourceTree = "<group>"; };
		D7BD0D6B2941238300CFDC36 /* FirebaseManager.swift */ = {isa = PBXFileReference; lastKnownFileType = sourcecode.swift; path = FirebaseManager.swift; sourceTree = "<group>"; };
		D7BD0D7129413F7100CFDC36 /* ChatUser.swift */ = {isa = PBXFileReference; lastKnownFileType = sourcecode.swift; path = ChatUser.swift; sourceTree = "<group>"; };
		D7BD0D732941408300CFDC36 /* ChatViewModel.swift */ = {isa = PBXFileReference; lastKnownFileType = sourcecode.swift; path = ChatViewModel.swift; sourceTree = "<group>"; };
		D7BD0D75294145A500CFDC36 /* NewMessageView.swift */ = {isa = PBXFileReference; lastKnownFileType = sourcecode.swift; path = NewMessageView.swift; sourceTree = "<group>"; };
		D7BD0D772941489C00CFDC36 /* GetUsersModel.swift */ = {isa = PBXFileReference; lastKnownFileType = sourcecode.swift; path = GetUsersModel.swift; sourceTree = "<group>"; };
/* End PBXFileReference section */

/* Begin PBXFrameworksBuildPhase section */
		D7AFB52B294095580027AA67 /* Frameworks */ = {
			isa = PBXFrameworksBuildPhase;
			buildActionMask = 2147483647;
			files = (
				D7BD0D6F29412C4E00CFDC36 /* SDWebImageSwiftUI in Frameworks */,
				D7AFB5452940967D0027AA67 /* FirebaseDatabase in Frameworks */,
				D7AFB5492940967D0027AA67 /* FirebaseStorage in Frameworks */,
				D7AFB5432940967D0027AA67 /* FirebaseAuth in Frameworks */,
				D7AFB5472940967D0027AA67 /* FirebaseFirestore in Frameworks */,
			);
			runOnlyForDeploymentPostprocessing = 0;
		};
/* End PBXFrameworksBuildPhase section */

/* Begin PBXGroup section */
		D785E5662940B6B100B51E9E /* Componets */ = {
			isa = PBXGroup;
			children = (
				D785E5672940B6D900B51E9E /* ImagePicker.swift */,
				D7BD0D6B2941238300CFDC36 /* FirebaseManager.swift */,
			);
			path = Componets;
			sourceTree = "<group>";
		};
		D785E5692940D3C900B51E9E /* Views */ = {
			isa = PBXGroup;
			children = (
				D7AFB533294095580027AA67 /* LoginView.swift */,
				D785E56A2940D3DF00B51E9E /* ChatView.swift */,
				D785E56D2940E5DD00B51E9E /* TopBarView.swift */,
				D785E56F2940E8DC00B51E9E /* UsernameView.swift */,
				D7BD0D75294145A500CFDC36 /* NewMessageView.swift */,
				D76AD0B82941E4F1002EF5B9 /* ChatsView.swift */,
			);
			path = Views;
			sourceTree = "<group>";
		};
		D7AFB525294095580027AA67 = {
			isa = PBXGroup;
			children = (
				D7AFB530294095580027AA67 /* ChatApp */,
				D7AFB52F294095580027AA67 /* Products */,
			);
			sourceTree = "<group>";
		};
		D7AFB52F294095580027AA67 /* Products */ = {
			isa = PBXGroup;
			children = (
				D7AFB52E294095580027AA67 /* ChatApp.app */,
			);
			name = Products;
			sourceTree = "<group>";
		};
		D7AFB530294095580027AA67 /* ChatApp */ = {
			isa = PBXGroup;
			children = (
				D7BD0D7029413F6100CFDC36 /* Model */,
				D785E5692940D3C900B51E9E /* Views */,
				D785E5662940B6B100B51E9E /* Componets */,
				D7AFB531294095580027AA67 /* ChatAppApp.swift */,
				D7AFB53F294095E90027AA67 /* GoogleService-Info.plist */,
				D7AFB5352940955A0027AA67 /* Assets.xcassets */,
				D7AFB5372940955A0027AA67 /* Preview Content */,
			);
			path = ChatApp;
			sourceTree = "<group>";
		};
		D7AFB5372940955A0027AA67 /* Preview Content */ = {
			isa = PBXGroup;
			children = (
				D7AFB5382940955A0027AA67 /* Preview Assets.xcassets */,
			);
			path = "Preview Content";
			sourceTree = "<group>";
		};
		D7BD0D7029413F6100CFDC36 /* Model */ = {
			isa = PBXGroup;
			children = (
				D7BD0D7129413F7100CFDC36 /* ChatUser.swift */,
				D7BD0D732941408300CFDC36 /* ChatViewModel.swift */,
				D7BD0D772941489C00CFDC36 /* GetUsersModel.swift */,
			);
			path = Model;
			sourceTree = "<group>";
		};
/* End PBXGroup section */

/* Begin PBXNativeTarget section */
		D7AFB52D294095580027AA67 /* ChatApp */ = {
			isa = PBXNativeTarget;
			buildConfigurationList = D7AFB53C2940955A0027AA67 /* Build configuration list for PBXNativeTarget "ChatApp" */;
			buildPhases = (
				D7AFB52A294095580027AA67 /* Sources */,
				D7AFB52B294095580027AA67 /* Frameworks */,
				D7AFB52C294095580027AA67 /* Resources */,
			);
			buildRules = (
			);
			dependencies = (
			);
			name = ChatApp;
			packageProductDependencies = (
				D7AFB5422940967D0027AA67 /* FirebaseAuth */,
				D7AFB5442940967D0027AA67 /* FirebaseDatabase */,
				D7AFB5462940967D0027AA67 /* FirebaseFirestore */,
				D7AFB5482940967D0027AA67 /* FirebaseStorage */,
				D7BD0D6E29412C4E00CFDC36 /* SDWebImageSwiftUI */,
			);
			productName = ChatApp;
			productReference = D7AFB52E294095580027AA67 /* ChatApp.app */;
			productType = "com.apple.product-type.application";
		};
/* End PBXNativeTarget section */

/* Begin PBXProject section */
		D7AFB526294095580027AA67 /* Project object */ = {
			isa = PBXProject;
			attributes = {
				BuildIndependentTargetsInParallel = 1;
				LastSwiftUpdateCheck = 1410;
				LastUpgradeCheck = 1410;
				TargetAttributes = {
					D7AFB52D294095580027AA67 = {
						CreatedOnToolsVersion = 14.1;
					};
				};
			};
			buildConfigurationList = D7AFB529294095580027AA67 /* Build configuration list for PBXProject "ChatApp" */;
			compatibilityVersion = "Xcode 14.0";
			developmentRegion = en;
			hasScannedForEncodings = 0;
			knownRegions = (
				en,
				Base,
			);
			mainGroup = D7AFB525294095580027AA67;
			packageReferences = (
				D7AFB5412940967C0027AA67 /* XCRemoteSwiftPackageReference "firebase-ios-sdk" */,
				D7BD0D6D29412C4E00CFDC36 /* XCRemoteSwiftPackageReference "SDWebImageSwiftUI" */,
			);
			productRefGroup = D7AFB52F294095580027AA67 /* Products */;
			projectDirPath = "";
			projectRoot = "";
			targets = (
				D7AFB52D294095580027AA67 /* ChatApp */,
			);
		};
/* End PBXProject section */

/* Begin PBXResourcesBuildPhase section */
		D7AFB52C294095580027AA67 /* Resources */ = {
			isa = PBXResourcesBuildPhase;
			buildActionMask = 2147483647;
			files = (
				D7AFB5392940955A0027AA67 /* Preview Assets.xcassets in Resources */,
				D7AFB5362940955A0027AA67 /* Assets.xcassets in Resources */,
				D7AFB540294095E90027AA67 /* GoogleService-Info.plist in Resources */,
			);
			runOnlyForDeploymentPostprocessing = 0;
		};
/* End PBXResourcesBuildPhase section */

/* Begin PBXSourcesBuildPhase section */
		D7AFB52A294095580027AA67 /* Sources */ = {
			isa = PBXSourcesBuildPhase;
			buildActionMask = 2147483647;
			files = (
				D76AD0B92941E4F1002EF5B9 /* ChatsView.swift in Sources */,
				D7BD0D7229413F7100CFDC36 /* ChatUser.swift in Sources */,
				D785E56E2940E5DD00B51E9E /* TopBarView.swift in Sources */,
				D785E56B2940D3DF00B51E9E /* ChatView.swift in Sources */,
				D7BD0D6C2941238300CFDC36 /* FirebaseManager.swift in Sources */,
				D785E5702940E8DC00B51E9E /* UsernameView.swift in Sources */,
				D785E5682940B6D900B51E9E /* ImagePicker.swift in Sources */,
				D7AFB534294095580027AA67 /* LoginView.swift in Sources */,
				D7BD0D742941408300CFDC36 /* ChatViewModel.swift in Sources */,
				D7AFB532294095580027AA67 /* ChatAppApp.swift in Sources */,
				D7BD0D76294145A500CFDC36 /* NewMessageView.swift in Sources */,
				D7BD0D782941489C00CFDC36 /* GetUsersModel.swift in Sources */,
			);
			runOnlyForDeploymentPostprocessing = 0;
		};
/* End PBXSourcesBuildPhase section */

/* Begin XCBuildConfiguration section */
		D7AFB53A2940955A0027AA67 /* Debug */ = {
			isa = XCBuildConfiguration;
			buildSettings = {
				ALWAYS_SEARCH_USER_PATHS = NO;
				CLANG_ANALYZER_NONNULL = YES;
				CLANG_ANALYZER_NUMBER_OBJECT_CONVERSION = YES_AGGRESSIVE;
				CLANG_CXX_LANGUAGE_STANDARD = "gnu++20";
				CLANG_ENABLE_MODULES = YES;
				CLANG_ENABLE_OBJC_ARC = YES;
				CLANG_ENABLE_OBJC_WEAK = YES;
				CLANG_WARN_BLOCK_CAPTURE_AUTORELEASING = YES;
				CLANG_WARN_BOOL_CONVERSION = YES;
				CLANG_WARN_COMMA = YES;
				CLANG_WARN_CONSTANT_CONVERSION = YES;
				CLANG_WARN_DEPRECATED_OBJC_IMPLEMENTATIONS = YES;
				CLANG_WARN_DIRECT_OBJC_ISA_USAGE = YES_ERROR;
				CLANG_WARN_DOCUMENTATION_COMMENTS = YES;
				CLANG_WARN_EMPTY_BODY = YES;
				CLANG_WARN_ENUM_CONVERSION = YES;
				CLANG_WARN_INFINITE_RECURSION = YES;
				CLANG_WARN_INT_CONVERSION = YES;
				CLANG_WARN_NON_LITERAL_NULL_CONVERSION = YES;
				CLANG_WARN_OBJC_IMPLICIT_RETAIN_SELF = YES;
				CLANG_WARN_OBJC_LITERAL_CONVERSION = YES;
				CLANG_WARN_OBJC_ROOT_CLASS = YES_ERROR;
				CLANG_WARN_QUOTED_INCLUDE_IN_FRAMEWORK_HEADER = YES;
				CLANG_WARN_RANGE_LOOP_ANALYSIS = YES;
				CLANG_WARN_STRICT_PROTOTYPES = YES;
				CLANG_WARN_SUSPICIOUS_MOVE = YES;
				CLANG_WARN_UNGUARDED_AVAILABILITY = YES_AGGRESSIVE;
				CLANG_WARN_UNREACHABLE_CODE = YES;
				CLANG_WARN__DUPLICATE_METHOD_MATCH = YES;
				COPY_PHASE_STRIP = NO;
				DEBUG_INFORMATION_FORMAT = dwarf;
				ENABLE_STRICT_OBJC_MSGSEND = YES;
				ENABLE_TESTABILITY = YES;
				GCC_C_LANGUAGE_STANDARD = gnu11;
				GCC_DYNAMIC_NO_PIC = NO;
				GCC_NO_COMMON_BLOCKS = YES;
				GCC_OPTIMIZATION_LEVEL = 0;
				GCC_PREPROCESSOR_DEFINITIONS = (
					"DEBUG=1",
					"$(inherited)",
				);
				GCC_WARN_64_TO_32_BIT_CONVERSION = YES;
				GCC_WARN_ABOUT_RETURN_TYPE = YES_ERROR;
				GCC_WARN_UNDECLARED_SELECTOR = YES;
				GCC_WARN_UNINITIALIZED_AUTOS = YES_AGGRESSIVE;
				GCC_WARN_UNUSED_FUNCTION = YES;
				GCC_WARN_UNUSED_VARIABLE = YES;
				IPHONEOS_DEPLOYMENT_TARGET = 16.1;
				MTL_ENABLE_DEBUG_INFO = INCLUDE_SOURCE;
				MTL_FAST_MATH = YES;
				ONLY_ACTIVE_ARCH = YES;
				SDKROOT = iphoneos;
				SWIFT_ACTIVE_COMPILATION_CONDITIONS = DEBUG;
				SWIFT_OPTIMIZATION_LEVEL = "-Onone";
			};
			name = Debug;
		};
		D7AFB53B2940955A0027AA67 /* Release */ = {
			isa = XCBuildConfiguration;
			buildSettings = {
				ALWAYS_SEARCH_USER_PATHS = NO;
				CLANG_ANALYZER_NONNULL = YES;
				CLANG_ANALYZER_NUMBER_OBJECT_CONVERSION = YES_AGGRESSIVE;
				CLANG_CXX_LANGUAGE_STANDARD = "gnu++20";
				CLANG_ENABLE_MODULES = YES;
				CLANG_ENABLE_OBJC_ARC = YES;
				CLANG_ENABLE_OBJC_WEAK = YES;
				CLANG_WARN_BLOCK_CAPTURE_AUTORELEASING = YES;
				CLANG_WARN_BOOL_CONVERSION = YES;
				CLANG_WARN_COMMA = YES;
				CLANG_WARN_CONSTANT_CONVERSION = YES;
				CLANG_WARN_DEPRECATED_OBJC_IMPLEMENTATIONS = YES;
				CLANG_WARN_DIRECT_OBJC_ISA_USAGE = YES_ERROR;
				CLANG_WARN_DOCUMENTATION_COMMENTS = YES;
				CLANG_WARN_EMPTY_BODY = YES;
				CLANG_WARN_ENUM_CONVERSION = YES;
				CLANG_WARN_INFINITE_RECURSION = YES;
				CLANG_WARN_INT_CONVERSION = YES;
				CLANG_WARN_NON_LITERAL_NULL_CONVERSION = YES;
				CLANG_WARN_OBJC_IMPLICIT_RETAIN_SELF = YES;
				CLANG_WARN_OBJC_LITERAL_CONVERSION = YES;
				CLANG_WARN_OBJC_ROOT_CLASS = YES_ERROR;
				CLANG_WARN_QUOTED_INCLUDE_IN_FRAMEWORK_HEADER = YES;
				CLANG_WARN_RANGE_LOOP_ANALYSIS = YES;
				CLANG_WARN_STRICT_PROTOTYPES = YES;
				CLANG_WARN_SUSPICIOUS_MOVE = YES;
				CLANG_WARN_UNGUARDED_AVAILABILITY = YES_AGGRESSIVE;
				CLANG_WARN_UNREACHABLE_CODE = YES;
				CLANG_WARN__DUPLICATE_METHOD_MATCH = YES;
				COPY_PHASE_STRIP = NO;
				DEBUG_INFORMATION_FORMAT = "dwarf-with-dsym";
				ENABLE_NS_ASSERTIONS = NO;
				ENABLE_STRICT_OBJC_MSGSEND = YES;
				GCC_C_LANGUAGE_STANDARD = gnu11;
				GCC_NO_COMMON_BLOCKS = YES;
				GCC_WARN_64_TO_32_BIT_CONVERSION = YES;
				GCC_WARN_ABOUT_RETURN_TYPE = YES_ERROR;
				GCC_WARN_UNDECLARED_SELECTOR = YES;
				GCC_WARN_UNINITIALIZED_AUTOS = YES_AGGRESSIVE;
				GCC_WARN_UNUSED_FUNCTION = YES;
				GCC_WARN_UNUSED_VARIABLE = YES;
				IPHONEOS_DEPLOYMENT_TARGET = 16.1;
				MTL_ENABLE_DEBUG_INFO = NO;
				MTL_FAST_MATH = YES;
				SDKROOT = iphoneos;
				SWIFT_COMPILATION_MODE = wholemodule;
				SWIFT_OPTIMIZATION_LEVEL = "-O";
				VALIDATE_PRODUCT = YES;
			};
			name = Release;
		};
		D7AFB53D2940955A0027AA67 /* Debug */ = {
			isa = XCBuildConfiguration;
			buildSettings = {
				ASSETCATALOG_COMPILER_APPICON_NAME = AppIcon;
				ASSETCATALOG_COMPILER_GLOBAL_ACCENT_COLOR_NAME = AccentColor;
				CODE_SIGN_STYLE = Automatic;
				CURRENT_PROJECT_VERSION = 1;
				DEVELOPMENT_ASSET_PATHS = "\"ChatApp/Preview Content\"";
				DEVELOPMENT_TEAM = 648U26QNYT;
				ENABLE_PREVIEWS = YES;
				GENERATE_INFOPLIST_FILE = YES;
				INFOPLIST_KEY_UIApplicationSceneManifest_Generation = YES;
				INFOPLIST_KEY_UIApplicationSupportsIndirectInputEvents = YES;
				INFOPLIST_KEY_UILaunchScreen_Generation = YES;
				INFOPLIST_KEY_UISupportedInterfaceOrientations_iPad = "UIInterfaceOrientationPortrait UIInterfaceOrientationPortraitUpsideDown UIInterfaceOrientationLandscapeLeft UIInterfaceOrientationLandscapeRight";
				INFOPLIST_KEY_UISupportedInterfaceOrientations_iPhone = "UIInterfaceOrientationPortrait UIInterfaceOrientationLandscapeLeft UIInterfaceOrientationLandscapeRight";
				LD_RUNPATH_SEARCH_PATHS = (
					"$(inherited)",
					"@executable_path/Frameworks",
				);
				MARKETING_VERSION = 1.0;
				PRODUCT_BUNDLE_IDENTIFIER = com.ChatApp;
				PRODUCT_NAME = "$(TARGET_NAME)";
				SWIFT_EMIT_LOC_STRINGS = YES;
				SWIFT_VERSION = 5.0;
				TARGETED_DEVICE_FAMILY = "1,2";
			};
			name = Debug;
		};
		D7AFB53E2940955A0027AA67 /* Release */ = {
			isa = XCBuildConfiguration;
			buildSettings = {
				ASSETCATALOG_COMPILER_APPICON_NAME = AppIcon;
				ASSETCATALOG_COMPILER_GLOBAL_ACCENT_COLOR_NAME = AccentColor;
				CODE_SIGN_STYLE = Automatic;
				CURRENT_PROJECT_VERSION = 1;
				DEVELOPMENT_ASSET_PATHS = "\"ChatApp/Preview Content\"";
				DEVELOPMENT_TEAM = 648U26QNYT;
				ENABLE_PREVIEWS = YES;
				GENERATE_INFOPLIST_FILE = YES;
				INFOPLIST_KEY_UIApplicationSceneManifest_Generation = YES;
				INFOPLIST_KEY_UIApplicationSupportsIndirectInputEvents = YES;
				INFOPLIST_KEY_UILaunchScreen_Generation = YES;
				INFOPLIST_KEY_UISupportedInterfaceOrientations_iPad = "UIInterfaceOrientationPortrait UIInterfaceOrientationPortraitUpsideDown UIInterfaceOrientationLandscapeLeft UIInterfaceOrientationLandscapeRight";
				INFOPLIST_KEY_UISupportedInterfaceOrientations_iPhone = "UIInterfaceOrientationPortrait UIInterfaceOrientationLandscapeLeft UIInterfaceOrientationLandscapeRight";
				LD_RUNPATH_SEARCH_PATHS = (
					"$(inherited)",
					"@executable_path/Frameworks",
				);
				MARKETING_VERSION = 1.0;
				PRODUCT_BUNDLE_IDENTIFIER = com.ChatApp;
				PRODUCT_NAME = "$(TARGET_NAME)";
				SWIFT_EMIT_LOC_STRINGS = YES;
				SWIFT_VERSION = 5.0;
				TARGETED_DEVICE_FAMILY = "1,2";
			};
			name = Release;
		};
/* End XCBuildConfiguration section */

/* Begin XCConfigurationList section */
		D7AFB529294095580027AA67 /* Build configuration list for PBXProject "ChatApp" */ = {
			isa = XCConfigurationList;
			buildConfigurations = (
				D7AFB53A2940955A0027AA67 /* Debug */,
				D7AFB53B2940955A0027AA67 /* Release */,
			);
			defaultConfigurationIsVisible = 0;
			defaultConfigurationName = Release;
		};
		D7AFB53C2940955A0027AA67 /* Build configuration list for PBXNativeTarget "ChatApp" */ = {
			isa = XCConfigurationList;
			buildConfigurations = (
				D7AFB53D2940955A0027AA67 /* Debug */,
				D7AFB53E2940955A0027AA67 /* Release */,
			);
			defaultConfigurationIsVisible = 0;
			defaultConfigurationName = Release;
		};
/* End XCConfigurationList section */

/* Begin XCRemoteSwiftPackageReference section */
		D7AFB5412940967C0027AA67 /* XCRemoteSwiftPackageReference "firebase-ios-sdk" */ = {
			isa = XCRemoteSwiftPackageReference;
			repositoryURL = "https://github.com/firebase/firebase-ios-sdk.git";
			requirement = {
				kind = upToNextMajorVersion;
				minimumVersion = 9.0.0;
			};
		};
		D7BD0D6D29412C4E00CFDC36 /* XCRemoteSwiftPackageReference "SDWebImageSwiftUI" */ = {
			isa = XCRemoteSwiftPackageReference;
			repositoryURL = "https://github.com/SDWebImage/SDWebImageSwiftUI.git";
			requirement = {
				kind = upToNextMajorVersion;
				minimumVersion = 2.0.0;
			};
		};
/* End XCRemoteSwiftPackageReference section */

/* Begin XCSwiftPackageProductDependency section */
		D7AFB5422940967D0027AA67 /* FirebaseAuth */ = {
			isa = XCSwiftPackageProductDependency;
			package = D7AFB5412940967C0027AA67 /* XCRemoteSwiftPackageReference "firebase-ios-sdk" */;
			productName = FirebaseAuth;
		};
		D7AFB5442940967D0027AA67 /* FirebaseDatabase */ = {
			isa = XCSwiftPackageProductDependency;
			package = D7AFB5412940967C0027AA67 /* XCRemoteSwiftPackageReference "firebase-ios-sdk" */;
			productName = FirebaseDatabase;
		};
		D7AFB5462940967D0027AA67 /* FirebaseFirestore */ = {
			isa = XCSwiftPackageProductDependency;
			package = D7AFB5412940967C0027AA67 /* XCRemoteSwiftPackageReference "firebase-ios-sdk" */;
			productName = FirebaseFirestore;
		};
		D7AFB5482940967D0027AA67 /* FirebaseStorage */ = {
			isa = XCSwiftPackageProductDependency;
			package = D7AFB5412940967C0027AA67 /* XCRemoteSwiftPackageReference "firebase-ios-sdk" */;
			productName = FirebaseStorage;
		};
		D7BD0D6E29412C4E00CFDC36 /* SDWebImageSwiftUI */ = {
			isa = XCSwiftPackageProductDependency;
			package = D7BD0D6D29412C4E00CFDC36 /* XCRemoteSwiftPackageReference "SDWebImageSwiftUI" */;
			productName = SDWebImageSwiftUI;
		};
/* End XCSwiftPackageProductDependency section */
	};
	rootObject = D7AFB526294095580027AA67 /* Project object */;
}
